
Microsoft Visual Studio Solution File, Format Version 12.00
# Visual Studio Version 16
VisualStudioVersion = 16.0.29424.173
MinimumVisualStudioVersion = 10.0.40219.1
Project("{8BC9CEB8-8B4A-11D0-8D11-00A0C91BC942}") = "CustomRecapScreen", "CustomRecapScreen\CustomRecapScreen.vcxproj", "{86C728F1-14F2-40CA-A097-0BB8816DC131}"
EndProject
Global
	GlobalSection(SolutionConfigurationPlatforms) = preSolution
		Debug|x86 = Debug|x86
		Release|x86 = Release|x86
	EndGlobalSection
	GlobalSection(ProjectConfigurationPlatforms) = postSolution
		{86C728F1-14F2-40CA-A097-0BB8816DC131}.Debug|x86.ActiveCfg = Debug|Win32
		{86C728F1-14F2-40CA-A097-0BB8816DC131}.Debug|x86.Build.0 = Debug|Win32
		{86C728F1-14F2-40CA-A097-0BB8816DC131}.Release|x86.ActiveCfg = Release|Win32
		{86C728F1-14F2-40CA-A097-0BB8816DC131}.Release|x86.Build.0 = Release|Win32
	EndGlobalSection
	GlobalSection(SolutionProperties) = preSolution
		HideSolutionNode = FALSE
	EndGlobalSection
	GlobalSection(ExtensibilityGlobals) = postSolution
		SolutionGuid = {660DC1CB-00C7-4524-840A-1439115B3C81}
	EndGlobalSection
EndGlobal
